{
  "name": "sillytavern-display-bridge",
  "version": "0.21.2",
  "lockfileVersion": 3,
  "requires": true,
  "packages": {
    "": {
      "name": "sillytavern-display-bridge",
      "version": "0.21.2",
      "devDependencies": {
        "@adobe/css-tools": "4.4.4"
      },
      "license": "AGPL-3.0-only"
    },
    "node_modules/@adobe/css-tools": {
      "version": "4.4.4",
      "resolved": "https://registry.npmjs.org/@adobe/css-tools/-/css-tools-4.4.4.tgz",
      "integrity": "sha512-Elp+iwUx5rN5+Y8xLt5/GRoG20WGoDCQ/1Fb+1LiGtvwbDavuSk0jhD/eZdckHAuzcDzccnkv+rEjyWfRx18gg==",
      "license": "MIT",
      "dev": true
    }
  }
}
